// !$*UTF8*$!
{
	archiveVersion = 1;
	classes = {
	};
	objectVersion = 56;
	objects = {

/* Begin PBXBuildFile section */
		0226AF102993E7CC00714180 /* UIFont+Configuration.swift in Sources */ = {isa = PBXBuildFile; fileRef = 0226AF0F2993E7CC00714180 /* UIFont+Configuration.swift */; };
		025BFA96298E754B00917C5B /* Icons.xcassets in Resources */ = {isa = PBXBuildFile; fileRef = 025BFA95298E754A00917C5B /* Icons.xcassets */; };
		025BFAA4298E87B400917C5B /* SceneDelegate.swift in Sources */ = {isa = PBXBuildFile; fileRef = 025BFAA3298E87B400917C5B /* SceneDelegate.swift */; };
		02D38704298D29D900476FE5 /* AppDelegate.swift in Sources */ = {isa = PBXBuildFile; fileRef = 02D38703298D29D900476FE5 /* AppDelegate.swift */; };
		02D38710298D29DA00476FE5 /* LaunchScreen.storyboard in Resources */ = {isa = PBXBuildFile; fileRef = 02D3870E298D29DA00476FE5 /* LaunchScreen.storyboard */; };
		02FE00082997B2240057A34C /* LabelTableViewCell.swift in Sources */ = {isa = PBXBuildFile; fileRef = 02FEFFF92997B2240057A34C /* LabelTableViewCell.swift */; };
		02FE00092997B2240057A34C /* LabelTableViewCell.xib in Resources */ = {isa = PBXBuildFile; fileRef = 02FEFFFA2997B2240057A34C /* LabelTableViewCell.xib */; };
		02FE000A2997B2240057A34C /* TeamTableViewCell.xib in Resources */ = {isa = PBXBuildFile; fileRef = 02FEFFFC2997B2240057A34C /* TeamTableViewCell.xib */; };
		02FE000B2997B2240057A34C /* TeamsCollectionViewCell.xib in Resources */ = {isa = PBXBuildFile; fileRef = 02FEFFFE2997B2240057A34C /* TeamsCollectionViewCell.xib */; };
		02FE000C2997B2240057A34C /* TeamsCollectionViewCell.swift in Sources */ = {isa = PBXBuildFile; fileRef = 02FEFFFF2997B2240057A34C /* TeamsCollectionViewCell.swift */; };
		02FE000D2997B2240057A34C /* TeamTableViewCell.swift in Sources */ = {isa = PBXBuildFile; fileRef = 02FE00002997B2240057A34C /* TeamTableViewCell.swift */; };
		02FE000E2997B2240057A34C /* DescriptionTableViewCell.xib in Resources */ = {isa = PBXBuildFile; fileRef = 02FE00012997B2240057A34C /* DescriptionTableViewCell.xib */; };
		02FE000F2997B2240057A34C /* DescriptionTableViewCell.swift in Sources */ = {isa = PBXBuildFile; fileRef = 02FE00022997B2240057A34C /* DescriptionTableViewCell.swift */; };
		02FE00102997B2240057A34C /* ImageTableViewCell.swift in Sources */ = {isa = PBXBuildFile; fileRef = 02FE00042997B2240057A34C /* ImageTableViewCell.swift */; };
		02FE00112997B2240057A34C /* ImageTableViewCell.xib in Resources */ = {isa = PBXBuildFile; fileRef = 02FE00052997B2240057A34C /* ImageTableViewCell.xib */; };
		02FE00122997B2240057A34C /* MainViewController.xib in Resources */ = {isa = PBXBuildFile; fileRef = 02FE00062997B2240057A34C /* MainViewController.xib */; };
		02FE00132997B2240057A34C /* MainViewController.swift in Sources */ = {isa = PBXBuildFile; fileRef = 02FE00072997B2240057A34C /* MainViewController.swift */; };
		02FE0036299817D30057A34C /* UIButton+Configuration.swift in Sources */ = {isa = PBXBuildFile; fileRef = 02FE0035299817D30057A34C /* UIButton+Configuration.swift */; };
		02FE003E2998F9E40057A34C /* SpaceTableViewCell.swift in Sources */ = {isa = PBXBuildFile; fileRef = 02FE003C2998F9E40057A34C /* SpaceTableViewCell.swift */; };
		02FE003F2998F9E40057A34C /* SpaceTableViewCell.xib in Resources */ = {isa = PBXBuildFile; fileRef = 02FE003D2998F9E40057A34C /* SpaceTableViewCell.xib */; };
		02FE00412999028F0057A34C /* UIColor+Configuration.swift in Sources */ = {isa = PBXBuildFile; fileRef = 02FE00402999028F0057A34C /* UIColor+Configuration.swift */; };
/* End PBXBuildFile section */

/* Begin PBXFileReference section */
		0226AF0F2993E7CC00714180 /* UIFont+Configuration.swift */ = {isa = PBXFileReference; lastKnownFileType = sourcecode.swift; path = "UIFont+Configuration.swift"; sourceTree = "<group>"; };
		025BFA95298E754A00917C5B /* Icons.xcassets */ = {isa = PBXFileReference; lastKnownFileType = folder.assetcatalog; path = Icons.xcassets; sourceTree = "<group>"; };
		025BFAA3298E87B400917C5B /* SceneDelegate.swift */ = {isa = PBXFileReference; lastKnownFileType = sourcecode.swift; path = SceneDelegate.swift; sourceTree = "<group>"; };
		02D38700298D29D900476FE5 /* Surf_Test_Project.app */ = {isa = PBXFileReference; explicitFileType = wrapper.application; includeInIndex = 0; path = Surf_Test_Project.app; sourceTree = BUILT_PRODUCTS_DIR; };
		02D38703298D29D900476FE5 /* AppDelegate.swift */ = {isa = PBXFileReference; lastKnownFileType = sourcecode.swift; path = AppDelegate.swift; sourceTree = "<group>"; };
		02D3870F298D29DA00476FE5 /* Base */ = {isa = PBXFileReference; lastKnownFileType = file.storyboard; name = Base; path = Base.lproj/LaunchScreen.storyboard; sourceTree = "<group>"; };
		02D38711298D29DA00476FE5 /* Info.plist */ = {isa = PBXFileReference; lastKnownFileType = text.plist.xml; path = Info.plist; sourceTree = "<group>"; };
		02FE00002997B2240057A34C /* TeamTableViewCell.swift */ = {isa = PBXFileReference; fileEncoding = 4; lastKnownFileType = sourcecode.swift; path = TeamTableViewCell.swift; sourceTree = "<group>"; };
		02FE00012997B2240057A34C /* DescriptionTableViewCell.xib */ = {isa = PBXFileReference; fileEncoding = 4; lastKnownFileType = file.xib; path = DescriptionTableViewCell.xib; sourceTree = "<group>"; };
		02FE00022997B2240057A34C /* DescriptionTableViewCell.swift */ = {isa = PBXFileReference; fileEncoding = 4; lastKnownFileType = sourcecode.swift; path = DescriptionTableViewCell.swift; sourceTree = "<group>"; };
		02FE00042997B2240057A34C /* ImageTableViewCell.swift */ = {isa = PBXFileReference; fileEncoding = 4; lastKnownFileType = sourcecode.swift; path = ImageTableViewCell.swift; sourceTree = "<group>"; };
		02FE00052997B2240057A34C /* ImageTableViewCell.xib */ = {isa = PBXFileReference; fileEncoding = 4; lastKnownFileType = file.xib; path = ImageTableViewCell.xib; sourceTree = "<group>"; };
		02FE00062997B2240057A34C /* MainViewController.xib */ = {isa = PBXFileReference; fileEncoding = 4; lastKnownFileType = file.xib; path = MainViewController.xib; sourceTree = "<group>"; };
		02FE00072997B2240057A34C /* MainViewController.swift */ = {isa = PBXFileReference; fileEncoding = 4; lastKnownFileType = sourcecode.swift; path = MainViewController.swift; sourceTree = "<group>"; };
		02FE0035299817D30057A34C /* UIButton+Configuration.swift */ = {isa = PBXFileReference; lastKnownFileType = sourcecode.swift; path = "UIButton+Configuration.swift"; sourceTree = "<group>"; };
		02FE003C2998F9E40057A34C /* SpaceTableViewCell.swift */ = {isa = PBXFileReference; lastKnownFileType = sourcecode.swift; path = SpaceTableViewCell.swift; sourceTree = "<group>"; };
		02FE003D2998F9E40057A34C /* SpaceTableViewCell.xib */ = {isa = PBXFileReference; lastKnownFileType = file.xib; path = SpaceTableViewCell.xib; sourceTree = "<group>"; };
		02FE00402999028F0057A34C /* UIColor+Configuration.swift */ = {isa = PBXFileReference; lastKnownFileType = sourcecode.swift; path = "UIColor+Configuration.swift"; sourceTree = "<group>"; };
		02FEFFF92997B2240057A34C /* LabelTableViewCell.swift */ = {isa = PBXFileReference; fileEncoding = 4; lastKnownFileType = sourcecode.swift; path = LabelTableViewCell.swift; sourceTree = "<group>"; };
		02FEFFFA2997B2240057A34C /* LabelTableViewCell.xib */ = {isa = PBXFileReference; fileEncoding = 4; lastKnownFileType = file.xib; path = LabelTableViewCell.xib; sourceTree = "<group>"; };
		02FEFFFC2997B2240057A34C /* TeamTableViewCell.xib */ = {isa = PBXFileReference; fileEncoding = 4; lastKnownFileType = file.xib; path = TeamTableViewCell.xib; sourceTree = "<group>"; };
		02FEFFFE2997B2240057A34C /* TeamsCollectionViewCell.xib */ = {isa = PBXFileReference; fileEncoding = 4; lastKnownFileType = file.xib; path = TeamsCollectionViewCell.xib; sourceTree = "<group>"; };
		02FEFFFF2997B2240057A34C /* TeamsCollectionViewCell.swift */ = {isa = PBXFileReference; fileEncoding = 4; lastKnownFileType = sourcecode.swift; path = TeamsCollectionViewCell.swift; sourceTree = "<group>"; };
/* End PBXFileReference section */

/* Begin PBXFrameworksBuildPhase section */
		02D386FD298D29D900476FE5 /* Frameworks */ = {
			isa = PBXFrameworksBuildPhase;
			buildActionMask = 2147483647;
			files = (
			);
			runOnlyForDeploymentPostprocessing = 0;
		};
/* End PBXFrameworksBuildPhase section */

/* Begin PBXGroup section */
		0226AF0E2993E7B100714180 /* Extensions */ = {
			isa = PBXGroup;
			children = (
				0226AF0F2993E7CC00714180 /* UIFont+Configuration.swift */,
				02FE0035299817D30057A34C /* UIButton+Configuration.swift */,
				02FE00402999028F0057A34C /* UIColor+Configuration.swift */,
			);
			path = Extensions;
			sourceTree = "<group>";
		};
		025BFA94298E752600917C5B /* Resourses */ = {
			isa = PBXGroup;
			children = (
				025BFA97298E754D00917C5B /* Icons */,
			);
			path = Resourses;
			sourceTree = "<group>";
		};
		025BFA97298E754D00917C5B /* Icons */ = {
			isa = PBXGroup;
			children = (
				025BFA95298E754A00917C5B /* Icons.xcassets */,
			);
			path = Icons;
			sourceTree = "<group>";
		};
		02D386F7298D29D900476FE5 = {
			isa = PBXGroup;
			children = (
				02D38702298D29D900476FE5 /* Surf_Test_Project */,
				02D38701298D29D900476FE5 /* Products */,
			);
			sourceTree = "<group>";
		};
		02D38701298D29D900476FE5 /* Products */ = {
			isa = PBXGroup;
			children = (
				02D38700298D29D900476FE5 /* Surf_Test_Project.app */,
			);
			name = Products;
			sourceTree = "<group>";
		};
		02D38702298D29D900476FE5 /* Surf_Test_Project */ = {
			isa = PBXGroup;
			children = (
				0226AF0E2993E7B100714180 /* Extensions */,
				02D3871B298D303400476FE5 /* Application */,
				02D3871C298D30B700476FE5 /* MainFlow */,
				025BFA94298E752600917C5B /* Resourses */,
			);
			path = Surf_Test_Project;
			sourceTree = "<group>";
		};
		02D3871B298D303400476FE5 /* Application */ = {
			isa = PBXGroup;
			children = (
				02D38711298D29DA00476FE5 /* Info.plist */,
				02D38703298D29D900476FE5 /* AppDelegate.swift */,
				025BFAA3298E87B400917C5B /* SceneDelegate.swift */,
				02D3870E298D29DA00476FE5 /* LaunchScreen.storyboard */,
			);
			path = Application;
			sourceTree = "<group>";
		};
		02D3871C298D30B700476FE5 /* MainFlow */ = {
			isa = PBXGroup;
			children = (
				02D3871D298D312300476FE5 /* MainModule */,
			);
			path = MainFlow;
			sourceTree = "<group>";
		};
		02D3871D298D312300476FE5 /* MainModule */ = {
			isa = PBXGroup;
			children = (
				02FEFFF52997B2240057A34C /* View */,
			);
			path = MainModule;
			sourceTree = "<group>";
		};
		02FE00032997B2240057A34C /* ImageTableViewCell */ = {
			isa = PBXGroup;
			children = (
				02FE00042997B2240057A34C /* ImageTableViewCell.swift */,
				02FE00052997B2240057A34C /* ImageTableViewCell.xib */,
			);
			path = ImageTableViewCell;
			sourceTree = "<group>";
		};
		02FE003B2998F9C70057A34C /* SpaceTableViewCell */ = {
			isa = PBXGroup;
			children = (
				02FE003C2998F9E40057A34C /* SpaceTableViewCell.swift */,
				02FE003D2998F9E40057A34C /* SpaceTableViewCell.xib */,
			);
			path = SpaceTableViewCell;
			sourceTree = "<group>";
		};
		02FEFFF52997B2240057A34C /* View */ = {
			isa = PBXGroup;
			children = (
				02FEFFF62997B2240057A34C /* Cells */,
				02FE00062997B2240057A34C /* MainViewController.xib */,
				02FE00072997B2240057A34C /* MainViewController.swift */,
			);
			path = View;
			sourceTree = "<group>";
		};
		02FEFFF62997B2240057A34C /* Cells */ = {
			isa = PBXGroup;
			children = (
				02FE00032997B2240057A34C /* ImageTableViewCell */,
				02FEFFF72997B2240057A34C /* DescriptionTableViewCell */,
			);
			path = Cells;
			sourceTree = "<group>";
		};
		02FEFFF72997B2240057A34C /* DescriptionTableViewCell */ = {
			isa = PBXGroup;
			children = (
				02FE003B2998F9C70057A34C /* SpaceTableViewCell */,
				02FEFFF82997B2240057A34C /* LabelTableViewCell */,
				02FEFFFB2997B2240057A34C /* TeamTableViewCell */,
				02FE00012997B2240057A34C /* DescriptionTableViewCell.xib */,
				02FE00022997B2240057A34C /* DescriptionTableViewCell.swift */,
			);
			path = DescriptionTableViewCell;
			sourceTree = "<group>";
		};
		02FEFFF82997B2240057A34C /* LabelTableViewCell */ = {
			isa = PBXGroup;
			children = (
				02FEFFF92997B2240057A34C /* LabelTableViewCell.swift */,
				02FEFFFA2997B2240057A34C /* LabelTableViewCell.xib */,
			);
			path = LabelTableViewCell;
			sourceTree = "<group>";
		};
		02FEFFFB2997B2240057A34C /* TeamTableViewCell */ = {
			isa = PBXGroup;
			children = (
				02FEFFFD2997B2240057A34C /* TeamsCollectionViewCell */,
				02FEFFFC2997B2240057A34C /* TeamTableViewCell.xib */,
				02FE00002997B2240057A34C /* TeamTableViewCell.swift */,
			);
			path = TeamTableViewCell;
			sourceTree = "<group>";
		};
		02FEFFFD2997B2240057A34C /* TeamsCollectionViewCell */ = {
			isa = PBXGroup;
			children = (
				02FEFFFE2997B2240057A34C /* TeamsCollectionViewCell.xib */,
				02FEFFFF2997B2240057A34C /* TeamsCollectionViewCell.swift */,
			);
			path = TeamsCollectionViewCell;
			sourceTree = "<group>";
		};
/* End PBXGroup section */

/* Begin PBXNativeTarget section */
		02D386FF298D29D900476FE5 /* Surf_Test_Project */ = {
			isa = PBXNativeTarget;
			buildConfigurationList = 02D38714298D29DA00476FE5 /* Build configuration list for PBXNativeTarget "Surf_Test_Project" */;
			buildPhases = (
				02D386FC298D29D900476FE5 /* Sources */,
				02D386FD298D29D900476FE5 /* Frameworks */,
				02D386FE298D29D900476FE5 /* Resources */,
			);
			buildRules = (
			);
			dependencies = (
			);
			name = Surf_Test_Project;
			productName = Surf_Test_Project;
			productReference = 02D38700298D29D900476FE5 /* Surf_Test_Project.app */;
			productType = "com.apple.product-type.application";
		};
/* End PBXNativeTarget section */

/* Begin PBXProject section */
		02D386F8298D29D900476FE5 /* Project object */ = {
			isa = PBXProject;
			attributes = {
				BuildIndependentTargetsInParallel = 1;
				LastSwiftUpdateCheck = 1420;
				LastUpgradeCheck = 1420;
				TargetAttributes = {
					02D386FF298D29D900476FE5 = {
						CreatedOnToolsVersion = 14.2;
					};
				};
			};
			buildConfigurationList = 02D386FB298D29D900476FE5 /* Build configuration list for PBXProject "Surf_Test_Project" */;
			compatibilityVersion = "Xcode 14.0";
			developmentRegion = en;
			hasScannedForEncodings = 0;
			knownRegions = (
				en,
				Base,
			);
			mainGroup = 02D386F7298D29D900476FE5;
			productRefGroup = 02D38701298D29D900476FE5 /* Products */;
			projectDirPath = "";
			projectRoot = "";
			targets = (
				02D386FF298D29D900476FE5 /* Surf_Test_Project */,
			);
		};
/* End PBXProject section */

/* Begin PBXResourcesBuildPhase section */
		02D386FE298D29D900476FE5 /* Resources */ = {
			isa = PBXResourcesBuildPhase;
			buildActionMask = 2147483647;
			files = (
				02FE003F2998F9E40057A34C /* SpaceTableViewCell.xib in Resources */,
				02FE00112997B2240057A34C /* ImageTableViewCell.xib in Resources */,
				02FE000A2997B2240057A34C /* TeamTableViewCell.xib in Resources */,
				02FE000B2997B2240057A34C /* TeamsCollectionViewCell.xib in Resources */,
				02FE00122997B2240057A34C /* MainViewController.xib in Resources */,
				02FE000E2997B2240057A34C /* DescriptionTableViewCell.xib in Resources */,
				02FE00092997B2240057A34C /* LabelTableViewCell.xib in Resources */,
				02D38710298D29DA00476FE5 /* LaunchScreen.storyboard in Resources */,
				025BFA96298E754B00917C5B /* Icons.xcassets in Resources */,
			);
			runOnlyForDeploymentPostprocessing = 0;
		};
/* End PBXResourcesBuildPhase section */

/* Begin PBXSourcesBuildPhase section */
		02D386FC298D29D900476FE5 /* Sources */ = {
			isa = PBXSourcesBuildPhase;
			buildActionMask = 2147483647;
			files = (
				02FE0036299817D30057A34C /* UIButton+Configuration.swift in Sources */,
				025BFAA4298E87B400917C5B /* SceneDelegate.swift in Sources */,
				02FE003E2998F9E40057A34C /* SpaceTableViewCell.swift in Sources */,
				02FE00132997B2240057A34C /* MainViewController.swift in Sources */,
				02FE00082997B2240057A34C /* LabelTableViewCell.swift in Sources */,
				02FE000C2997B2240057A34C /* TeamsCollectionViewCell.swift in Sources */,
				02FE00412999028F0057A34C /* UIColor+Configuration.swift in Sources */,
				02FE000D2997B2240057A34C /* TeamTableViewCell.swift in Sources */,
				0226AF102993E7CC00714180 /* UIFont+Configuration.swift in Sources */,
				02FE00102997B2240057A34C /* ImageTableViewCell.swift in Sources */,
				02FE000F2997B2240057A34C /* DescriptionTableViewCell.swift in Sources */,
				02D38704298D29D900476FE5 /* AppDelegate.swift in Sources */,
			);
			runOnlyForDeploymentPostprocessing = 0;
		};
/* End PBXSourcesBuildPhase section */

/* Begin PBXVariantGroup section */
		02D3870E298D29DA00476FE5 /* LaunchScreen.storyboard */ = {
			isa = PBXVariantGroup;
			children = (
				02D3870F298D29DA00476FE5 /* Base */,
			);
			name = LaunchScreen.storyboard;
			sourceTree = "<group>";
		};
/* End PBXVariantGroup section */

/* Begin XCBuildConfiguration section */
		02D38712298D29DA00476FE5 /* Debug */ = {
			isa = XCBuildConfiguration;
			buildSettings = {
				ALWAYS_SEARCH_USER_PATHS = NO;
				CLANG_ANALYZER_NONNULL = YES;
				CLANG_ANALYZER_NUMBER_OBJECT_CONVERSION = YES_AGGRESSIVE;
				CLANG_CXX_LANGUAGE_STANDARD = "gnu++20";
				CLANG_ENABLE_MODULES = YES;
				CLANG_ENABLE_OBJC_ARC = YES;
				CLANG_ENABLE_OBJC_WEAK = YES;
				CLANG_WARN_BLOCK_CAPTURE_AUTORELEASING = YES;
				CLANG_WARN_BOOL_CONVERSION = YES;
				CLANG_WARN_COMMA = YES;
				CLANG_WARN_CONSTANT_CONVERSION = YES;
				CLANG_WARN_DEPRECATED_OBJC_IMPLEMENTATIONS = YES;
				CLANG_WARN_DIRECT_OBJC_ISA_USAGE = YES_ERROR;
				CLANG_WARN_DOCUMENTATION_COMMENTS = YES;
				CLANG_WARN_EMPTY_BODY = YES;
				CLANG_WARN_ENUM_CONVERSION = YES;
				CLANG_WARN_INFINITE_RECURSION = YES;
				CLANG_WARN_INT_CONVERSION = YES;
				CLANG_WARN_NON_LITERAL_NULL_CONVERSION = YES;
				CLANG_WARN_OBJC_IMPLICIT_RETAIN_SELF = YES;
				CLANG_WARN_OBJC_LITERAL_CONVERSION = YES;
				CLANG_WARN_OBJC_ROOT_CLASS = YES_ERROR;
				CLANG_WARN_QUOTED_INCLUDE_IN_FRAMEWORK_HEADER = YES;
				CLANG_WARN_RANGE_LOOP_ANALYSIS = YES;
				CLANG_WARN_STRICT_PROTOTYPES = YES;
				CLANG_WARN_SUSPICIOUS_MOVE = YES;
				CLANG_WARN_UNGUARDED_AVAILABILITY = YES_AGGRESSIVE;
				CLANG_WARN_UNREACHABLE_CODE = YES;
				CLANG_WARN__DUPLICATE_METHOD_MATCH = YES;
				COPY_PHASE_STRIP = NO;
				DEBUG_INFORMATION_FORMAT = dwarf;
				ENABLE_STRICT_OBJC_MSGSEND = YES;
				ENABLE_TESTABILITY = YES;
				GCC_C_LANGUAGE_STANDARD = gnu11;
				GCC_DYNAMIC_NO_PIC = NO;
				GCC_NO_COMMON_BLOCKS = YES;
				GCC_OPTIMIZATION_LEVEL = 0;
				GCC_PREPROCESSOR_DEFINITIONS = (
					"DEBUG=1",
					"$(inherited)",
				);
				GCC_WARN_64_TO_32_BIT_CONVERSION = YES;
				GCC_WARN_ABOUT_RETURN_TYPE = YES_ERROR;
				GCC_WARN_UNDECLARED_SELECTOR = YES;
				GCC_WARN_UNINITIALIZED_AUTOS = YES_AGGRESSIVE;
				GCC_WARN_UNUSED_FUNCTION = YES;
				GCC_WARN_UNUSED_VARIABLE = YES;
				IPHONEOS_DEPLOYMENT_TARGET = 16.2;
				MTL_ENABLE_DEBUG_INFO = INCLUDE_SOURCE;
				MTL_FAST_MATH = YES;
				ONLY_ACTIVE_ARCH = YES;
				SDKROOT = iphoneos;
				SWIFT_ACTIVE_COMPILATION_CONDITIONS = DEBUG;
				SWIFT_OPTIMIZATION_LEVEL = "-Onone";
			};
			name = Debug;
		};
		02D38713298D29DA00476FE5 /* Release */ = {
			isa = XCBuildConfiguration;
			buildSettings = {
				ALWAYS_SEARCH_USER_PATHS = NO;
				CLANG_ANALYZER_NONNULL = YES;
				CLANG_ANALYZER_NUMBER_OBJECT_CONVERSION = YES_AGGRESSIVE;
				CLANG_CXX_LANGUAGE_STANDARD = "gnu++20";
				CLANG_ENABLE_MODULES = YES;
				CLANG_ENABLE_OBJC_ARC = YES;
				CLANG_ENABLE_OBJC_WEAK = YES;
				CLANG_WARN_BLOCK_CAPTURE_AUTORELEASING = YES;
				CLANG_WARN_BOOL_CONVERSION = YES;
				CLANG_WARN_COMMA = YES;
				CLANG_WARN_CONSTANT_CONVERSION = YES;
				CLANG_WARN_DEPRECATED_OBJC_IMPLEMENTATIONS = YES;
				CLANG_WARN_DIRECT_OBJC_ISA_USAGE = YES_ERROR;
				CLANG_WARN_DOCUMENTATION_COMMENTS = YES;
				CLANG_WARN_EMPTY_BODY = YES;
				CLANG_WARN_ENUM_CONVERSION = YES;
				CLANG_WARN_INFINITE_RECURSION = YES;
				CLANG_WARN_INT_CONVERSION = YES;
				CLANG_WARN_NON_LITERAL_NULL_CONVERSION = YES;
				CLANG_WARN_OBJC_IMPLICIT_RETAIN_SELF = YES;
				CLANG_WARN_OBJC_LITERAL_CONVERSION = YES;
				CLANG_WARN_OBJC_ROOT_CLASS = YES_ERROR;
				CLANG_WARN_QUOTED_INCLUDE_IN_FRAMEWORK_HEADER = YES;
				CLANG_WARN_RANGE_LOOP_ANALYSIS = YES;
				CLANG_WARN_STRICT_PROTOTYPES = YES;
				CLANG_WARN_SUSPICIOUS_MOVE = YES;
				CLANG_WARN_UNGUARDED_AVAILABILITY = YES_AGGRESSIVE;
				CLANG_WARN_UNREACHABLE_CODE = YES;
				CLANG_WARN__DUPLICATE_METHOD_MATCH = YES;
				COPY_PHASE_STRIP = NO;
				DEBUG_INFORMATION_FORMAT = "dwarf-with-dsym";
				ENABLE_NS_ASSERTIONS = NO;
				ENABLE_STRICT_OBJC_MSGSEND = YES;
				GCC_C_LANGUAGE_STANDARD = gnu11;
				GCC_NO_COMMON_BLOCKS = YES;
				GCC_WARN_64_TO_32_BIT_CONVERSION = YES;
				GCC_WARN_ABOUT_RETURN_TYPE = YES_ERROR;
				GCC_WARN_UNDECLARED_SELECTOR = YES;
				GCC_WARN_UNINITIALIZED_AUTOS = YES_AGGRESSIVE;
				GCC_WARN_UNUSED_FUNCTION = YES;
				GCC_WARN_UNUSED_VARIABLE = YES;
				IPHONEOS_DEPLOYMENT_TARGET = 16.2;
				MTL_ENABLE_DEBUG_INFO = NO;
				MTL_FAST_MATH = YES;
				SDKROOT = iphoneos;
				SWIFT_COMPILATION_MODE = wholemodule;
				SWIFT_OPTIMIZATION_LEVEL = "-O";
				VALIDATE_PRODUCT = YES;
			};
			name = Release;
		};
		02D38715298D29DA00476FE5 /* Debug */ = {
			isa = XCBuildConfiguration;
			buildSettings = {
				ASSETCATALOG_COMPILER_APPICON_NAME = "";
				ASSETCATALOG_COMPILER_GLOBAL_ACCENT_COLOR_NAME = "";
				CODE_SIGN_STYLE = Automatic;
				CURRENT_PROJECT_VERSION = 1;
				DEVELOPMENT_TEAM = SMNXVGXK4L;
				GENERATE_INFOPLIST_FILE = YES;
				INFOPLIST_FILE = Surf_Test_Project/Application/Info.plist;
				INFOPLIST_KEY_UIApplicationSupportsIndirectInputEvents = YES;
				INFOPLIST_KEY_UILaunchStoryboardName = LaunchScreen;
				INFOPLIST_KEY_UIMainStoryboardFile = "";
				INFOPLIST_KEY_UISupportedInterfaceOrientations = UIInterfaceOrientationPortrait;
				INFOPLIST_KEY_UISupportedInterfaceOrientations_iPad = "UIInterfaceOrientationLandscapeLeft UIInterfaceOrientationLandscapeRight UIInterfaceOrientationPortrait UIInterfaceOrientationPortraitUpsideDown";
				IPHONEOS_DEPLOYMENT_TARGET = 15.0;
				LD_RUNPATH_SEARCH_PATHS = (
					"$(inherited)",
					"@executable_path/Frameworks",
				);
				MARKETING_VERSION = 1.0;
				PRODUCT_BUNDLE_IDENTIFIER = "com.bassist-zero.Surf-Test-Project";
				PRODUCT_NAME = "$(TARGET_NAME)";
				SUPPORTED_PLATFORMS = "iphoneos iphonesimulator";
				SUPPORTS_MACCATALYST = NO;
				SUPPORTS_MAC_DESIGNED_FOR_IPHONE_IPAD = NO;
				SWIFT_EMIT_LOC_STRINGS = YES;
				SWIFT_VERSION = 5.0;
				TARGETED_DEVICE_FAMILY = 1;
			};
			name = Debug;
		};
		02D38716298D29DA00476FE5 /* Release */ = {
			isa = XCBuildConfiguration;
			buildSettings = {
				ASSETCATALOG_COMPILER_APPICON_NAME = "";
				ASSETCATALOG_COMPILER_GLOBAL_ACCENT_COLOR_NAME = "";
				CODE_SIGN_STYLE = Automatic;
				CURRENT_PROJECT_VERSION = 1;
				DEVELOPMENT_TEAM = SMNXVGXK4L;
				GENERATE_INFOPLIST_FILE = YES;
				INFOPLIST_FILE = Surf_Test_Project/Application/Info.plist;
				INFOPLIST_KEY_UIApplicationSupportsIndirectInputEvents = YES;
				INFOPLIST_KEY_UILaunchStoryboardName = LaunchScreen;
				INFOPLIST_KEY_UIMainStoryboardFile = "";
				INFOPLIST_KEY_UISupportedInterfaceOrientations = UIInterfaceOrientationPortrait;
				INFOPLIST_KEY_UISupportedInterfaceOrientations_iPad = "UIInterfaceOrientationLandscapeLeft UIInterfaceOrientationLandscapeRight UIInterfaceOrientationPortrait UIInterfaceOrientationPortraitUpsideDown";
				IPHONEOS_DEPLOYMENT_TARGET = 15.0;
				LD_RUNPATH_SEARCH_PATHS = (
					"$(inherited)",
					"@executable_path/Frameworks",
				);
				MARKETING_VERSION = 1.0;
				PRODUCT_BUNDLE_IDENTIFIER = "com.bassist-zero.Surf-Test-Project";
				PRODUCT_NAME = "$(TARGET_NAME)";
				SUPPORTED_PLATFORMS = "iphoneos iphonesimulator";
				SUPPORTS_MACCATALYST = NO;
				SUPPORTS_MAC_DESIGNED_FOR_IPHONE_IPAD = NO;
				SWIFT_EMIT_LOC_STRINGS = YES;
				SWIFT_VERSION = 5.0;
				TARGETED_DEVICE_FAMILY = 1;
			};
			name = Release;
		};
/* End XCBuildConfiguration section */

/* Begin XCConfigurationList section */
		02D386FB298D29D900476FE5 /* Build configuration list for PBXProject "Surf_Test_Project" */ = {
			isa = XCConfigurationList;
			buildConfigurations = (
				02D38712298D29DA00476FE5 /* Debug */,
				02D38713298D29DA00476FE5 /* Release */,
			);
			defaultConfigurationIsVisible = 0;
			defaultConfigurationName = Release;
		};
		02D38714298D29DA00476FE5 /* Build configuration list for PBXNativeTarget "Surf_Test_Project" */ = {
			isa = XCConfigurationList;
			buildConfigurations = (
				02D38715298D29DA00476FE5 /* Debug */,
				02D38716298D29DA00476FE5 /* Release */,
			);
			defaultConfigurationIsVisible = 0;
			defaultConfigurationName = Release;
		};
/* End XCConfigurationList section */
	};
	rootObject = 02D386F8298D29D900476FE5 /* Project object */;
}
